
Microsoft Visual Studio Solution File, Format Version 12.00
# Visual Studio Version 17
VisualStudioVersion = 17.0.32014.148
MinimumVisualStudioVersion = 10.0.40219.1
Project("{FAE04EC0-301F-11D3-BF4B-00C04F79EFBC}") = "Entwurf", "Entwurf\Entwurf.csproj", "{4325234F-8C8A-4C4D-831E-AB04EDF1B042}"
EndProject
Global
	GlobalSection(SolutionConfigurationPlatforms) = preSolution
		Debug|Any CPU = Debug|Any CPU
		Release|Any CPU = Release|Any CPU
	EndGlobalSection
	GlobalSection(ProjectConfigurationPlatforms) = postSolution
		{4325234F-8C8A-4C4D-831E-AB04EDF1B042}.Debug|Any CPU.ActiveCfg = Debug|Any CPU
		{4325234F-8C8A-4C4D-831E-AB04EDF1B042}.Debug|Any CPU.Build.0 = Debug|Any CPU
		{4325234F-8C8A-4C4D-831E-AB04EDF1B042}.Release|Any CPU.ActiveCfg = Release|Any CPU
		{4325234F-8C8A-4C4D-831E-AB04EDF1B042}.Release|Any CPU.Build.0 = Release|Any CPU
	EndGlobalSection
	GlobalSection(SolutionProperties) = preSolution
		HideSolutionNode = FALSE
	EndGlobalSection
	GlobalSection(ExtensibilityGlobals) = postSolution
		SolutionGuid = {026A5E94-D316-482A-8346-3739A98CB7CC}
	EndGlobalSection
EndGlobal
